PODS:
  - AsyncDisplayKit (1.9.73):
    - AsyncDisplayKit/PINRemoteImage (= 1.9.73)
  - AsyncDisplayKit/ASDealloc2MainObject (1.9.73)
  - AsyncDisplayKit/Core (1.9.73):
    - AsyncDisplayKit/ASDealloc2MainObject
  - AsyncDisplayKit/PINRemoteImage (1.9.73):
    - AsyncDisplayKit/Core
    - PINRemoteImage/iOS (>= 3.0.0-beta.2)
  - LoremIpsum (1.0.0)
  - PINCache (2.2.2)
  - PINRemoteImage/Core (3.0.0-beta.2):
    - PINCache (>= 2.1)
  - PINRemoteImage/iOS (3.0.0-beta.2):
    - PINRemoteImage/Core

DEPENDENCIES:
  - AsyncDisplayKit
  - LoremIpsum (~> 1.0)

SPEC CHECKSUMS:
  AsyncDisplayKit: cc906c5ddff9d34c8f5ea2f18ba092033c5516a3
  LoremIpsum: 9029c55d36501b2ee0b05cc9ecda11d3a0479160
  PINCache: 078426d356ab95ef875e9e62e5c35a2ea3333c28
  PINRemoteImage: 197554c5ba57a6ae90f5db441651180039fc9062

COCOAPODS: 0.39.0
